
Microsoft Visual Studio Solution File, Format Version 12.00
Project("{FAE04EC0-301F-11D3-BF4B-00C04F79EFBC}") = "Exam1And2-Web2-IUSR", "Exam1And2-Web2-IUSR\Exam1And2-Web2-IUSR.csproj", "{D259C7AF-2FBD-4573-92E0-511371815EEF}"
EndProject
Global
	GlobalSection(SolutionConfigurationPlatforms) = preSolution
		Debug|Any CPU = Debug|Any CPU
		Release|Any CPU = Release|Any CPU
	EndGlobalSection
	GlobalSection(ProjectConfigurationPlatforms) = postSolution
		{D259C7AF-2FBD-4573-92E0-511371815EEF}.Debug|Any CPU.ActiveCfg = Debug|Any CPU
		{D259C7AF-2FBD-4573-92E0-511371815EEF}.Debug|Any CPU.Build.0 = Debug|Any CPU
		{D259C7AF-2FBD-4573-92E0-511371815EEF}.Release|Any CPU.ActiveCfg = Release|Any CPU
		{D259C7AF-2FBD-4573-92E0-511371815EEF}.Release|Any CPU.Build.0 = Release|Any CPU
	EndGlobalSection
EndGlobal
